<Solution>
  <Project Path="VoroSalonCrm.API/VoroSalonCrm.API.csproj" />
  <Project Path="VoroSalonCrm.Application/VoroSalonCrm.Application.csproj" />
  <Project Path="VoroSalonCrm.Contract/VoroSalonCrm.Contract.csproj" Id="2a3100e7-6d6d-46c2-b113-9764092b3584" />
  <Project Path="VoroSalonCrm.Domain/VoroSalonCrm.Domain.csproj" />
  <Project Path="VoroSalonCrm.Infrastructure/VoroSalonCrm.Infrastructure.csproj" />
  <Project Path="VoroSalonCrm.Shared/VoroSalonCrm.Shared.csproj" Id="5c2730a9-2d3a-4329-8b91-4910993e8ce8" />
</Solution>
